
Microsoft Visual Studio Solution File, Format Version 12.00
# Visual Studio 15
VisualStudioVersion = 15.0.27428.2037
MinimumVisualStudioVersion = 10.0.40219.1
Project("{9A19103F-16F7-4668-BE54-9A1E7A4F7556}") = "Blockchain-Core", "Blockchain-Core\Blockchain-Core.csproj", "{DCCA83BD-D3F8-4AA6-9DF6-61A4374166C6}"
EndProject
Project("{9A19103F-16F7-4668-BE54-9A1E7A4F7556}") = "RSA", "RSA\RSA.csproj", "{64FBC8C0-65C1-4C16-B18D-1DBFF645F157}"
EndProject
Project("{9A19103F-16F7-4668-BE54-9A1E7A4F7556}") = "Blockchain-Core-Client", "Blockchain-Core-Client\Blockchain-Core-Client.csproj", "{00EE7E74-AC3E-44D1-B9DE-3A7BB187583C}"
EndProject
Project("{9A19103F-16F7-4668-BE54-9A1E7A4F7556}") = "OnlineShopping", "OnlineShopping\OnlineShopping.csproj", "{A2E66CE9-189B-4C9C-BD23-673B30F3F5A9}"
EndProject
Project("{FAE04EC0-301F-11D3-BF4B-00C04F79EFBC}") = "Wallet.Android", "Wallet\Wallet.Android\Wallet.Android.csproj", "{2273AB9B-C349-492D-BD32-AAF19733C72B}"
EndProject
Project("{FAE04EC0-301F-11D3-BF4B-00C04F79EFBC}") = "Wallet.iOS", "Wallet\Wallet.iOS\Wallet.iOS.csproj", "{00D030AC-7607-4511-8528-FE4382321284}"
EndProject
Project("{D954291E-2A0B-460D-934E-DC6B0785DB48}") = "Wallet", "Wallet\Wallet\Wallet.shproj", "{4A92042F-EEF1-4B34-8C57-85B7D1DC9F27}"
EndProject
Global
	GlobalSection(SharedMSBuildProjectFiles) = preSolution
		Wallet\Wallet\Wallet.projitems*{00d030ac-7607-4511-8528-fe4382321284}*SharedItemsImports = 4
		Wallet\Wallet\Wallet.projitems*{2273ab9b-c349-492d-bd32-aaf19733c72b}*SharedItemsImports = 4
		Wallet\Wallet\Wallet.projitems*{4a92042f-eef1-4b34-8c57-85b7d1dc9f27}*SharedItemsImports = 13
	EndGlobalSection
	GlobalSection(SolutionConfigurationPlatforms) = preSolution
		Ad-Hoc|Any CPU = Ad-Hoc|Any CPU
		Ad-Hoc|iPhone = Ad-Hoc|iPhone
		Ad-Hoc|iPhoneSimulator = Ad-Hoc|iPhoneSimulator
		AppStore|Any CPU = AppStore|Any CPU
		AppStore|iPhone = AppStore|iPhone
		AppStore|iPhoneSimulator = AppStore|iPhoneSimulator
		Debug|Any CPU = Debug|Any CPU
		Debug|iPhone = Debug|iPhone
		Debug|iPhoneSimulator = Debug|iPhoneSimulator
		Release|Any CPU = Release|Any CPU
		Release|iPhone = Release|iPhone
		Release|iPhoneSimulator = Release|iPhoneSimulator
	EndGlobalSection
	GlobalSection(ProjectConfigurationPlatforms) = postSolution
		{DCCA83BD-D3F8-4AA6-9DF6-61A4374166C6}.Ad-Hoc|Any CPU.ActiveCfg = Release|Any CPU
		{DCCA83BD-D3F8-4AA6-9DF6-61A4374166C6}.Ad-Hoc|Any CPU.Build.0 = Release|Any CPU
		{DCCA83BD-D3F8-4AA6-9DF6-61A4374166C6}.Ad-Hoc|iPhone.ActiveCfg = Release|Any CPU
		{DCCA83BD-D3F8-4AA6-9DF6-61A4374166C6}.Ad-Hoc|iPhone.Build.0 = Release|Any CPU
		{DCCA83BD-D3F8-4AA6-9DF6-61A4374166C6}.Ad-Hoc|iPhoneSimulator.ActiveCfg = Release|Any CPU
		{DCCA83BD-D3F8-4AA6-9DF6-61A4374166C6}.Ad-Hoc|iPhoneSimulator.Build.0 = Release|Any CPU
		{DCCA83BD-D3F8-4AA6-9DF6-61A4374166C6}.AppStore|Any CPU.ActiveCfg = Release|Any CPU
		{DCCA83BD-D3F8-4AA6-9DF6-61A4374166C6}.AppStore|Any CPU.Build.0 = Release|Any CPU
		{DCCA83BD-D3F8-4AA6-9DF6-61A4374166C6}.AppStore|iPhone.ActiveCfg = Release|Any CPU
		{DCCA83BD-D3F8-4AA6-9DF6-61A4374166C6}.AppStore|iPhone.Build.0 = Release|Any CPU
		{DCCA83BD-D3F8-4AA6-9DF6-61A4374166C6}.AppStore|iPhoneSimulator.ActiveCfg = Release|Any CPU
		{DCCA83BD-D3F8-4AA6-9DF6-61A4374166C6}.AppStore|iPhoneSimulator.Build.0 = Release|Any CPU
		{DCCA83BD-D3F8-4AA6-9DF6-61A4374166C6}.Debug|Any CPU.ActiveCfg = Debug|Any CPU
		{DCCA83BD-D3F8-4AA6-9DF6-61A4374166C6}.Debug|Any CPU.Build.0 = Debug|Any CPU
		{DCCA83BD-D3F8-4AA6-9DF6-61A4374166C6}.Debug|iPhone.ActiveCfg = Debug|Any CPU
		{DCCA83BD-D3F8-4AA6-9DF6-61A4374166C6}.Debug|iPhone.Build.0 = Debug|Any CPU
		{DCCA83BD-D3F8-4AA6-9DF6-61A4374166C6}.Debug|iPhoneSimulator.ActiveCfg = Debug|Any CPU
		{DCCA83BD-D3F8-4AA6-9DF6-61A4374166C6}.Debug|iPhoneSimulator.Build.0 = Debug|Any CPU
		{DCCA83BD-D3F8-4AA6-9DF6-61A4374166C6}.Release|Any CPU.ActiveCfg = Release|Any CPU
		{DCCA83BD-D3F8-4AA6-9DF6-61A4374166C6}.Release|Any CPU.Build.0 = Release|Any CPU
		{DCCA83BD-D3F8-4AA6-9DF6-61A4374166C6}.Release|iPhone.ActiveCfg = Release|Any CPU
		{DCCA83BD-D3F8-4AA6-9DF6-61A4374166C6}.Release|iPhone.Build.0 = Release|Any CPU
		{DCCA83BD-D3F8-4AA6-9DF6-61A4374166C6}.Release|iPhoneSimulator.ActiveCfg = Release|Any CPU
		{DCCA83BD-D3F8-4AA6-9DF6-61A4374166C6}.Release|iPhoneSimulator.Build.0 = Release|Any CPU
		{64FBC8C0-65C1-4C16-B18D-1DBFF645F157}.Ad-Hoc|Any CPU.ActiveCfg = Release|Any CPU
		{64FBC8C0-65C1-4C16-B18D-1DBFF645F157}.Ad-Hoc|Any CPU.Build.0 = Release|Any CPU
		{64FBC8C0-65C1-4C16-B18D-1DBFF645F157}.Ad-Hoc|iPhone.ActiveCfg = Release|Any CPU
		{64FBC8C0-65C1-4C16-B18D-1DBFF645F157}.Ad-Hoc|iPhone.Build.0 = Release|Any CPU
		{64FBC8C0-65C1-4C16-B18D-1DBFF645F157}.Ad-Hoc|iPhoneSimulator.ActiveCfg = Release|Any CPU
		{64FBC8C0-65C1-4C16-B18D-1DBFF645F157}.Ad-Hoc|iPhoneSimulator.Build.0 = Release|Any CPU
		{64FBC8C0-65C1-4C16-B18D-1DBFF645F157}.AppStore|Any CPU.ActiveCfg = Release|Any CPU
		{64FBC8C0-65C1-4C16-B18D-1DBFF645F157}.AppStore|Any CPU.Build.0 = Release|Any CPU
		{64FBC8C0-65C1-4C16-B18D-1DBFF645F157}.AppStore|iPhone.ActiveCfg = Release|Any CPU
		{64FBC8C0-65C1-4C16-B18D-1DBFF645F157}.AppStore|iPhone.Build.0 = Release|Any CPU
		{64FBC8C0-65C1-4C16-B18D-1DBFF645F157}.AppStore|iPhoneSimulator.ActiveCfg = Release|Any CPU
		{64FBC8C0-65C1-4C16-B18D-1DBFF645F157}.AppStore|iPhoneSimulator.Build.0 = Release|Any CPU
		{64FBC8C0-65C1-4C16-B18D-1DBFF645F157}.Debug|Any CPU.ActiveCfg = Debug|Any CPU
		{64FBC8C0-65C1-4C16-B18D-1DBFF645F157}.Debug|Any CPU.Build.0 = Debug|Any CPU
		{64FBC8C0-65C1-4C16-B18D-1DBFF645F157}.Debug|iPhone.ActiveCfg = Debug|Any CPU
		{64FBC8C0-65C1-4C16-B18D-1DBFF645F157}.Debug|iPhone.Build.0 = Debug|Any CPU
		{64FBC8C0-65C1-4C16-B18D-1DBFF645F157}.Debug|iPhoneSimulator.ActiveCfg = Debug|Any CPU
		{64FBC8C0-65C1-4C16-B18D-1DBFF645F157}.Debug|iPhoneSimulator.Build.0 = Debug|Any CPU
		{64FBC8C0-65C1-4C16-B18D-1DBFF645F157}.Release|Any CPU.ActiveCfg = Release|Any CPU
		{64FBC8C0-65C1-4C16-B18D-1DBFF645F157}.Release|Any CPU.Build.0 = Release|Any CPU
		{64FBC8C0-65C1-4C16-B18D-1DBFF645F157}.Release|iPhone.ActiveCfg = Release|Any CPU
		{64FBC8C0-65C1-4C16-B18D-1DBFF645F157}.Release|iPhone.Build.0 = Release|Any CPU
		{64FBC8C0-65C1-4C16-B18D-1DBFF645F157}.Release|iPhoneSimulator.ActiveCfg = Release|Any CPU
		{64FBC8C0-65C1-4C16-B18D-1DBFF645F157}.Release|iPhoneSimulator.Build.0 = Release|Any CPU
		{00EE7E74-AC3E-44D1-B9DE-3A7BB187583C}.Ad-Hoc|Any CPU.ActiveCfg = Release|Any CPU
		{00EE7E74-AC3E-44D1-B9DE-3A7BB187583C}.Ad-Hoc|Any CPU.Build.0 = Release|Any CPU
		{00EE7E74-AC3E-44D1-B9DE-3A7BB187583C}.Ad-Hoc|iPhone.ActiveCfg = Release|Any CPU
		{00EE7E74-AC3E-44D1-B9DE-3A7BB187583C}.Ad-Hoc|iPhone.Build.0 = Release|Any CPU
		{00EE7E74-AC3E-44D1-B9DE-3A7BB187583C}.Ad-Hoc|iPhoneSimulator.ActiveCfg = Release|Any CPU
		{00EE7E74-AC3E-44D1-B9DE-3A7BB187583C}.Ad-Hoc|iPhoneSimulator.Build.0 = Release|Any CPU
		{00EE7E74-AC3E-44D1-B9DE-3A7BB187583C}.AppStore|Any CPU.ActiveCfg = Release|Any CPU
		{00EE7E74-AC3E-44D1-B9DE-3A7BB187583C}.AppStore|Any CPU.Build.0 = Release|Any CPU
		{00EE7E74-AC3E-44D1-B9DE-3A7BB187583C}.AppStore|iPhone.ActiveCfg = Release|Any CPU
		{00EE7E74-AC3E-44D1-B9DE-3A7BB187583C}.AppStore|iPhone.Build.0 = Release|Any CPU
		{00EE7E74-AC3E-44D1-B9DE-3A7BB187583C}.AppStore|iPhoneSimulator.ActiveCfg = Release|Any CPU
		{00EE7E74-AC3E-44D1-B9DE-3A7BB187583C}.AppStore|iPhoneSimulator.Build.0 = Release|Any CPU
		{00EE7E74-AC3E-44D1-B9DE-3A7BB187583C}.Debug|Any CPU.ActiveCfg = Debug|Any CPU
		{00EE7E74-AC3E-44D1-B9DE-3A7BB187583C}.Debug|Any CPU.Build.0 = Debug|Any CPU
		{00EE7E74-AC3E-44D1-B9DE-3A7BB187583C}.Debug|iPhone.ActiveCfg = Debug|Any CPU
		{00EE7E74-AC3E-44D1-B9DE-3A7BB187583C}.Debug|iPhone.Build.0 = Debug|Any CPU
		{00EE7E74-AC3E-44D1-B9DE-3A7BB187583C}.Debug|iPhoneSimulator.ActiveCfg = Debug|Any CPU
		{00EE7E74-AC3E-44D1-B9DE-3A7BB187583C}.Debug|iPhoneSimulator.Build.0 = Debug|Any CPU
		{00EE7E74-AC3E-44D1-B9DE-3A7BB187583C}.Release|Any CPU.ActiveCfg = Release|Any CPU
		{00EE7E74-AC3E-44D1-B9DE-3A7BB187583C}.Release|Any CPU.Build.0 = Release|Any CPU
		{00EE7E74-AC3E-44D1-B9DE-3A7BB187583C}.Release|iPhone.ActiveCfg = Release|Any CPU
		{00EE7E74-AC3E-44D1-B9DE-3A7BB187583C}.Release|iPhone.Build.0 = Release|Any CPU
		{00EE7E74-AC3E-44D1-B9DE-3A7BB187583C}.Release|iPhoneSimulator.ActiveCfg = Release|Any CPU
		{00EE7E74-AC3E-44D1-B9DE-3A7BB187583C}.Release|iPhoneSimulator.Build.0 = Release|Any CPU
		{A2E66CE9-189B-4C9C-BD23-673B30F3F5A9}.Ad-Hoc|Any CPU.ActiveCfg = Release|Any CPU
		{A2E66CE9-189B-4C9C-BD23-673B30F3F5A9}.Ad-Hoc|Any CPU.Build.0 = Release|Any CPU
		{A2E66CE9-189B-4C9C-BD23-673B30F3F5A9}.Ad-Hoc|iPhone.ActiveCfg = Release|Any CPU
		{A2E66CE9-189B-4C9C-BD23-673B30F3F5A9}.Ad-Hoc|iPhone.Build.0 = Release|Any CPU
		{A2E66CE9-189B-4C9C-BD23-673B30F3F5A9}.Ad-Hoc|iPhoneSimulator.ActiveCfg = Release|Any CPU
		{A2E66CE9-189B-4C9C-BD23-673B30F3F5A9}.Ad-Hoc|iPhoneSimulator.Build.0 = Release|Any CPU
		{A2E66CE9-189B-4C9C-BD23-673B30F3F5A9}.AppStore|Any CPU.ActiveCfg = Release|Any CPU
		{A2E66CE9-189B-4C9C-BD23-673B30F3F5A9}.AppStore|Any CPU.Build.0 = Release|Any CPU
		{A2E66CE9-189B-4C9C-BD23-673B30F3F5A9}.AppStore|iPhone.ActiveCfg = Release|Any CPU
		{A2E66CE9-189B-4C9C-BD23-673B30F3F5A9}.AppStore|iPhone.Build.0 = Release|Any CPU
		{A2E66CE9-189B-4C9C-BD23-673B30F3F5A9}.AppStore|iPhoneSimulator.ActiveCfg = Release|Any CPU
		{A2E66CE9-189B-4C9C-BD23-673B30F3F5A9}.AppStore|iPhoneSimulator.Build.0 = Release|Any CPU
		{A2E66CE9-189B-4C9C-BD23-673B30F3F5A9}.Debug|Any CPU.ActiveCfg = Debug|Any CPU
		{A2E66CE9-189B-4C9C-BD23-673B30F3F5A9}.Debug|Any CPU.Build.0 = Debug|Any CPU
		{A2E66CE9-189B-4C9C-BD23-673B30F3F5A9}.Debug|iPhone.ActiveCfg = Debug|Any CPU
		{A2E66CE9-189B-4C9C-BD23-673B30F3F5A9}.Debug|iPhone.Build.0 = Debug|Any CPU
		{A2E66CE9-189B-4C9C-BD23-673B30F3F5A9}.Debug|iPhoneSimulator.ActiveCfg = Debug|Any CPU
		{A2E66CE9-189B-4C9C-BD23-673B30F3F5A9}.Debug|iPhoneSimulator.Build.0 = Debug|Any CPU
		{A2E66CE9-189B-4C9C-BD23-673B30F3F5A9}.Release|Any CPU.ActiveCfg = Release|Any CPU
		{A2E66CE9-189B-4C9C-BD23-673B30F3F5A9}.Release|Any CPU.Build.0 = Release|Any CPU
		{A2E66CE9-189B-4C9C-BD23-673B30F3F5A9}.Release|iPhone.ActiveCfg = Release|Any CPU
		{A2E66CE9-189B-4C9C-BD23-673B30F3F5A9}.Release|iPhone.Build.0 = Release|Any CPU
		{A2E66CE9-189B-4C9C-BD23-673B30F3F5A9}.Release|iPhoneSimulator.ActiveCfg = Release|Any CPU
		{A2E66CE9-189B-4C9C-BD23-673B30F3F5A9}.Release|iPhoneSimulator.Build.0 = Release|Any CPU
		{2273AB9B-C349-492D-BD32-AAF19733C72B}.Ad-Hoc|Any CPU.ActiveCfg = Release|Any CPU
		{2273AB9B-C349-492D-BD32-AAF19733C72B}.Ad-Hoc|Any CPU.Build.0 = Release|Any CPU
		{2273AB9B-C349-492D-BD32-AAF19733C72B}.Ad-Hoc|Any CPU.Deploy.0 = Release|Any CPU
		{2273AB9B-C349-492D-BD32-AAF19733C72B}.Ad-Hoc|iPhone.ActiveCfg = Release|Any CPU
		{2273AB9B-C349-492D-BD32-AAF19733C72B}.Ad-Hoc|iPhone.Build.0 = Release|Any CPU
		{2273AB9B-C349-492D-BD32-AAF19733C72B}.Ad-Hoc|iPhone.Deploy.0 = Release|Any CPU
		{2273AB9B-C349-492D-BD32-AAF19733C72B}.Ad-Hoc|iPhoneSimulator.ActiveCfg = Release|Any CPU
		{2273AB9B-C349-492D-BD32-AAF19733C72B}.Ad-Hoc|iPhoneSimulator.Build.0 = Release|Any CPU
		{2273AB9B-C349-492D-BD32-AAF19733C72B}.Ad-Hoc|iPhoneSimulator.Deploy.0 = Release|Any CPU
		{2273AB9B-C349-492D-BD32-AAF19733C72B}.AppStore|Any CPU.ActiveCfg = Release|Any CPU
		{2273AB9B-C349-492D-BD32-AAF19733C72B}.AppStore|Any CPU.Build.0 = Release|Any CPU
		{2273AB9B-C349-492D-BD32-AAF19733C72B}.AppStore|Any CPU.Deploy.0 = Release|Any CPU
		{2273AB9B-C349-492D-BD32-AAF19733C72B}.AppStore|iPhone.ActiveCfg = Release|Any CPU
		{2273AB9B-C349-492D-BD32-AAF19733C72B}.AppStore|iPhone.Build.0 = Release|Any CPU
		{2273AB9B-C349-492D-BD32-AAF19733C72B}.AppStore|iPhone.Deploy.0 = Release|Any CPU
		{2273AB9B-C349-492D-BD32-AAF19733C72B}.AppStore|iPhoneSimulator.ActiveCfg = Release|Any CPU
		{2273AB9B-C349-492D-BD32-AAF19733C72B}.AppStore|iPhoneSimulator.Build.0 = Release|Any CPU
		{2273AB9B-C349-492D-BD32-AAF19733C72B}.AppStore|iPhoneSimulator.Deploy.0 = Release|Any CPU
		{2273AB9B-C349-492D-BD32-AAF19733C72B}.Debug|Any CPU.ActiveCfg = Debug|Any CPU
		{2273AB9B-C349-492D-BD32-AAF19733C72B}.Debug|Any CPU.Build.0 = Debug|Any CPU
		{2273AB9B-C349-492D-BD32-AAF19733C72B}.Debug|Any CPU.Deploy.0 = Debug|Any CPU
		{2273AB9B-C349-492D-BD32-AAF19733C72B}.Debug|iPhone.ActiveCfg = Debug|Any CPU
		{2273AB9B-C349-492D-BD32-AAF19733C72B}.Debug|iPhone.Build.0 = Debug|Any CPU
		{2273AB9B-C349-492D-BD32-AAF19733C72B}.Debug|iPhone.Deploy.0 = Debug|Any CPU
		{2273AB9B-C349-492D-BD32-AAF19733C72B}.Debug|iPhoneSimulator.ActiveCfg = Debug|Any CPU
		{2273AB9B-C349-492D-BD32-AAF19733C72B}.Debug|iPhoneSimulator.Build.0 = Debug|Any CPU
		{2273AB9B-C349-492D-BD32-AAF19733C72B}.Debug|iPhoneSimulator.Deploy.0 = Debug|Any CPU
		{2273AB9B-C349-492D-BD32-AAF19733C72B}.Release|Any CPU.ActiveCfg = Release|Any CPU
		{2273AB9B-C349-492D-BD32-AAF19733C72B}.Release|Any CPU.Build.0 = Release|Any CPU
		{2273AB9B-C349-492D-BD32-AAF19733C72B}.Release|Any CPU.Deploy.0 = Release|Any CPU
		{2273AB9B-C349-492D-BD32-AAF19733C72B}.Release|iPhone.ActiveCfg = Release|Any CPU
		{2273AB9B-C349-492D-BD32-AAF19733C72B}.Release|iPhone.Build.0 = Release|Any CPU
		{2273AB9B-C349-492D-BD32-AAF19733C72B}.Release|iPhone.Deploy.0 = Release|Any CPU
		{2273AB9B-C349-492D-BD32-AAF19733C72B}.Release|iPhoneSimulator.ActiveCfg = Release|Any CPU
		{2273AB9B-C349-492D-BD32-AAF19733C72B}.Release|iPhoneSimulator.Build.0 = Release|Any CPU
		{2273AB9B-C349-492D-BD32-AAF19733C72B}.Release|iPhoneSimulator.Deploy.0 = Release|Any CPU
		{00D030AC-7607-4511-8528-FE4382321284}.Ad-Hoc|Any CPU.ActiveCfg = Ad-Hoc|iPhone
		{00D030AC-7607-4511-8528-FE4382321284}.Ad-Hoc|iPhone.ActiveCfg = Ad-Hoc|iPhone
		{00D030AC-7607-4511-8528-FE4382321284}.Ad-Hoc|iPhone.Build.0 = Ad-Hoc|iPhone
		{00D030AC-7607-4511-8528-FE4382321284}.Ad-Hoc|iPhoneSimulator.ActiveCfg = Ad-Hoc|iPhoneSimulator
		{00D030AC-7607-4511-8528-FE4382321284}.Ad-Hoc|iPhoneSimulator.Build.0 = Ad-Hoc|iPhoneSimulator
		{00D030AC-7607-4511-8528-FE4382321284}.AppStore|Any CPU.ActiveCfg = AppStore|iPhone
		{00D030AC-7607-4511-8528-FE4382321284}.AppStore|iPhone.ActiveCfg = AppStore|iPhone
		{00D030AC-7607-4511-8528-FE4382321284}.AppStore|iPhone.Build.0 = AppStore|iPhone
		{00D030AC-7607-4511-8528-FE4382321284}.AppStore|iPhoneSimulator.ActiveCfg = AppStore|iPhoneSimulator
		{00D030AC-7607-4511-8528-FE4382321284}.AppStore|iPhoneSimulator.Build.0 = AppStore|iPhoneSimulator
		{00D030AC-7607-4511-8528-FE4382321284}.Debug|Any CPU.ActiveCfg = Debug|iPhone
		{00D030AC-7607-4511-8528-FE4382321284}.Debug|iPhone.ActiveCfg = Debug|iPhone
		{00D030AC-7607-4511-8528-FE4382321284}.Debug|iPhone.Build.0 = Debug|iPhone
		{00D030AC-7607-4511-8528-FE4382321284}.Debug|iPhoneSimulator.ActiveCfg = Debug|iPhoneSimulator
		{00D030AC-7607-4511-8528-FE4382321284}.Debug|iPhoneSimulator.Build.0 = Debug|iPhoneSimulator
		{00D030AC-7607-4511-8528-FE4382321284}.Release|Any CPU.ActiveCfg = Release|iPhone
		{00D030AC-7607-4511-8528-FE4382321284}.Release|iPhone.ActiveCfg = Release|iPhone
		{00D030AC-7607-4511-8528-FE4382321284}.Release|iPhone.Build.0 = Release|iPhone
		{00D030AC-7607-4511-8528-FE4382321284}.Release|iPhoneSimulator.ActiveCfg = Release|iPhoneSimulator
		{00D030AC-7607-4511-8528-FE4382321284}.Release|iPhoneSimulator.Build.0 = Release|iPhoneSimulator
	EndGlobalSection
	GlobalSection(SolutionProperties) = preSolution
		HideSolutionNode = FALSE
	EndGlobalSection
	GlobalSection(ExtensibilityGlobals) = postSolution
		SolutionGuid = {59BD3D96-0CFC-451C-8F1E-266E960F16F4}
	EndGlobalSection
EndGlobal
